{
  "name": "sirket-hata-1.0.1",
  "lockfileVersion": 3,
  "requires": true,
  "packages": {
    "": {
      "dependencies": {
        "@ant-design/icons": "^6.0.0"
      }
    },
    "node_modules/@ant-design/colors": {
      "version": "8.0.0",
      "resolved": "https://registry.npmjs.org/@ant-design/colors/-/colors-8.0.0.tgz",
      "integrity": "sha512-6YzkKCw30EI/E9kHOIXsQDHmMvTllT8STzjMb4K2qzit33RW2pqCJP0sk+hidBntXxE+Vz4n1+RvCTfBw6OErw==",
      "license": "MIT",
      "dependencies": {
        "@ant-design/fast-color": "^3.0.0"
      }
    },
    "node_modules/@ant-design/fast-color": {
      "version": "3.0.0",
      "resolved": "https://registry.npmjs.org/@ant-design/fast-color/-/fast-color-3.0.0.tgz",
      "integrity": "sha512-eqvpP7xEDm2S7dUzl5srEQCBTXZMmY3ekf97zI+M2DHOYyKdJGH0qua0JACHTqbkRnD/KHFQP9J1uMJ/XWVzzA==",
      "license": "MIT",
      "engines": {
        "node": ">=8.x"
      }
    },
    "node_modules/@ant-design/icons": {
      "version": "6.0.0",
      "resolved": "https://registry.npmjs.org/@ant-design/icons/-/icons-6.0.0.tgz",
      "integrity": "sha512-o0aCCAlHc1o4CQcapAwWzHeaW2x9F49g7P3IDtvtNXgHowtRWYb7kiubt8sQPFvfVIVU/jLw2hzeSlNt0FU+Uw==",
      "license": "MIT",
      "dependencies": {
        "@ant-design/colors": "^8.0.0",
        "@ant-design/icons-svg": "^4.4.0",
        "@rc-component/util": "^1.2.1",
        "classnames": "^2.2.6"
      },
      "engines": {
        "node": ">=8"
      },
      "peerDependencies": {
        "react": ">=16.0.0",
        "react-dom": ">=16.0.0"
      }
    },
    "node_modules/@ant-design/icons-svg": {
      "version": "4.4.2",
      "resolved": "https://registry.npmjs.org/@ant-design/icons-svg/-/icons-svg-4.4.2.tgz",
      "integrity": "sha512-vHbT+zJEVzllwP+CM+ul7reTEfBR0vgxFe7+lREAsAA7YGsYpboiq2sQNeQeRvh09GfQgs/GyFEvZpJ9cLXpXA==",
      "license": "MIT"
    },
    "node_modules/@rc-component/util": {
      "version": "1.2.2",
      "resolved": "https://registry.npmjs.org/@rc-component/util/-/util-1.2.2.tgz",
      "integrity": "sha512-p3zQr9Wu8BKncqmuW23olzBoAFsN8PYMS9FaI4JwJLwknH7DvfHAr1fwbfl9aAWw4Jva64ucpenbgG4fznLUSw==",
      "license": "MIT",
      "dependencies": {
        "is-mobile": "^5.0.0",
        "react-is": "^18.2.0"
      },
      "peerDependencies": {
        "react": ">=18.0.0",
        "react-dom": ">=18.0.0"
      }
    },
    "node_modules/classnames": {
      "version": "2.5.1",
      "resolved": "https://registry.npmjs.org/classnames/-/classnames-2.5.1.tgz",
      "integrity": "sha512-saHYOzhIQs6wy2sVxTM6bUDsQO4F50V9RQ22qBpEdCW+I+/Wmke2HOl6lS6dTpdxVhb88/I6+Hs+438c3lfUow==",
      "license": "MIT"
    },
    "node_modules/is-mobile": {
      "version": "5.0.0",
      "resolved": "https://registry.npmjs.org/is-mobile/-/is-mobile-5.0.0.tgz",
      "integrity": "sha512-Tz/yndySvLAEXh+Uk8liFCxOwVH6YutuR74utvOcu7I9Di+DwM0mtdPVZNaVvvBUM2OXxne/NhOs1zAO7riusQ==",
      "license": "MIT"
    },
    "node_modules/react": {
      "version": "19.1.1",
      "resolved": "https://registry.npmjs.org/react/-/react-19.1.1.tgz",
      "integrity": "sha512-w8nqGImo45dmMIfljjMwOGtbmC/mk4CMYhWIicdSflH91J9TyCyczcPFXJzrZ/ZXcgGRFeP6BU0BEJTw6tZdfQ==",
      "license": "MIT",
      "peer": true,
      "engines": {
        "node": ">=0.10.0"
      }
    },
    "node_modules/react-dom": {
      "version": "19.1.1",
      "resolved": "https://registry.npmjs.org/react-dom/-/react-dom-19.1.1.tgz",
      "integrity": "sha512-Dlq/5LAZgF0Gaz6yiqZCf6VCcZs1ghAJyrsu84Q/GT0gV+mCxbfmKNoGRKBYMJ8IEdGPqu49YWXD02GCknEDkw==",
      "license": "MIT",
      "peer": true,
      "dependencies": {
        "scheduler": "^0.26.0"
      },
      "peerDependencies": {
        "react": "^19.1.1"
      }
    },
    "node_modules/react-is": {
      "version": "18.3.1",
      "resolved": "https://registry.npmjs.org/react-is/-/react-is-18.3.1.tgz",
      "integrity": "sha512-/LLMVyas0ljjAtoYiPqYiL8VWXzUUdThrmU5+n20DZv+a+ClRoevUzw5JxU+Ieh5/c87ytoTBV9G1FiKfNJdmg==",
      "license": "MIT"
    },
    "node_modules/scheduler": {
      "version": "0.26.0",
      "resolved": "https://registry.npmjs.org/scheduler/-/scheduler-0.26.0.tgz",
      "integrity": "sha512-NlHwttCI/l5gCPR3D1nNXtWABUmBwvZpEQiD4IXSbIDq8BzLIK/7Ir5gTFSGZDUu37K5cMNp0hFtzO38sC7gWA==",
      "license": "MIT",
      "peer": true
    }
  }
}
